
Microsoft Visual Studio Solution File, Format Version 12.00
# Visual Studio 15
VisualStudioVersion = 15.0.28307.168
MinimumVisualStudioVersion = 10.0.40219.1
Project("{FAE04EC0-301F-11D3-BF4B-00C04F79EFBC}") = "DWSample.Android", "DWSample\DWSample.Android\DWSample.Android.csproj", "{C9D23CCD-C8BB-4700-B448-AB5288DF20B7}"
EndProject
Project("{FAE04EC0-301F-11D3-BF4B-00C04F79EFBC}") = "DWSample", "DWSample\DWSample\DWSample.csproj", "{EAAA4236-A328-4419-BB9C-5474A3019603}"
EndProject
Global
	GlobalSection(SolutionConfigurationPlatforms) = preSolution
		Debug|Any CPU = Debug|Any CPU
		Release|Any CPU = Release|Any CPU
	EndGlobalSection
	GlobalSection(ProjectConfigurationPlatforms) = postSolution
		{C9D23CCD-C8BB-4700-B448-AB5288DF20B7}.Debug|Any CPU.ActiveCfg = Debug|Any CPU
		{C9D23CCD-C8BB-4700-B448-AB5288DF20B7}.Debug|Any CPU.Build.0 = Debug|Any CPU
		{C9D23CCD-C8BB-4700-B448-AB5288DF20B7}.Debug|Any CPU.Deploy.0 = Debug|Any CPU
		{C9D23CCD-C8BB-4700-B448-AB5288DF20B7}.Release|Any CPU.ActiveCfg = Release|Any CPU
		{C9D23CCD-C8BB-4700-B448-AB5288DF20B7}.Release|Any CPU.Build.0 = Release|Any CPU
		{C9D23CCD-C8BB-4700-B448-AB5288DF20B7}.Release|Any CPU.Deploy.0 = Release|Any CPU
		{EAAA4236-A328-4419-BB9C-5474A3019603}.Debug|Any CPU.ActiveCfg = Debug|Any CPU
		{EAAA4236-A328-4419-BB9C-5474A3019603}.Debug|Any CPU.Build.0 = Debug|Any CPU
		{EAAA4236-A328-4419-BB9C-5474A3019603}.Debug|Any CPU.Deploy.0 = Debug|Any CPU
		{EAAA4236-A328-4419-BB9C-5474A3019603}.Release|Any CPU.ActiveCfg = Release|Any CPU
		{EAAA4236-A328-4419-BB9C-5474A3019603}.Release|Any CPU.Build.0 = Release|Any CPU
		{EAAA4236-A328-4419-BB9C-5474A3019603}.Release|Any CPU.Deploy.0 = Release|Any CPU
	EndGlobalSection
	GlobalSection(SolutionProperties) = preSolution
		HideSolutionNode = FALSE
	EndGlobalSection
	GlobalSection(ExtensibilityGlobals) = postSolution
		SolutionGuid = {846794B4-1465-406F-B1AA-FEA3C0BD7C43}
	EndGlobalSection
EndGlobal
